
Microsoft Visual Studio Solution File, Format Version 12.00
# Visual Studio Version 17
VisualStudioVersion = 17.2.32630.192
MinimumVisualStudioVersion = 10.0.40219.1
Project("{FAE04EC0-301F-11D3-BF4B-00C04F79EFBC}") = "BtapBuoi2", "BtapBuoi2\BtapBuoi2.csproj", "{5C41F205-909E-45BC-9AFE-FD4DE8A80B9B}"
EndProject
Global
	GlobalSection(SolutionConfigurationPlatforms) = preSolution
		Debug|Any CPU = Debug|Any CPU
		Release|Any CPU = Release|Any CPU
	EndGlobalSection
	GlobalSection(ProjectConfigurationPlatforms) = postSolution
		{5C41F205-909E-45BC-9AFE-FD4DE8A80B9B}.Debug|Any CPU.ActiveCfg = Debug|Any CPU
		{5C41F205-909E-45BC-9AFE-FD4DE8A80B9B}.Debug|Any CPU.Build.0 = Debug|Any CPU
		{5C41F205-909E-45BC-9AFE-FD4DE8A80B9B}.Release|Any CPU.ActiveCfg = Release|Any CPU
		{5C41F205-909E-45BC-9AFE-FD4DE8A80B9B}.Release|Any CPU.Build.0 = Release|Any CPU
	EndGlobalSection
	GlobalSection(SolutionProperties) = preSolution
		HideSolutionNode = FALSE
	EndGlobalSection
	GlobalSection(ExtensibilityGlobals) = postSolution
		SolutionGuid = {DA5AAFD2-45D1-41EB-BC51-01BBDB2CA351}
	EndGlobalSection
EndGlobal
